
Microsoft Visual Studio Solution File, Format Version 12.00
# Visual Studio Version 16
VisualStudioVersion = 16.0.31911.196
MinimumVisualStudioVersion = 10.0.40219.1
Project("{FAE04EC0-301F-11D3-BF4B-00C04F79EFBC}") = "XF.LocalDB.Android", "XF.LocalDB\XF.LocalDB.Android\XF.LocalDB.Android.csproj", "{6EA45137-1A6E-44CF-A85B-412635A7B7B6}"
EndProject
Project("{FAE04EC0-301F-11D3-BF4B-00C04F79EFBC}") = "XF.LocalDB.iOS", "XF.LocalDB\XF.LocalDB.iOS\XF.LocalDB.iOS.csproj", "{316CC1AB-C678-4753-BDD6-F0D8CF97734B}"
EndProject
Project("{FAE04EC0-301F-11D3-BF4B-00C04F79EFBC}") = "XF.LocalDB", "XF.LocalDB\XF.LocalDB\XF.LocalDB.csproj", "{3738C2C5-3B22-45DB-ABFF-3BA3C564AAF8}"
EndProject
Global
	GlobalSection(SolutionConfigurationPlatforms) = preSolution
		Debug|Any CPU = Debug|Any CPU
		Debug|iPhone = Debug|iPhone
		Debug|iPhoneSimulator = Debug|iPhoneSimulator
		Release|Any CPU = Release|Any CPU
		Release|iPhone = Release|iPhone
		Release|iPhoneSimulator = Release|iPhoneSimulator
	EndGlobalSection
	GlobalSection(ProjectConfigurationPlatforms) = postSolution
		{6EA45137-1A6E-44CF-A85B-412635A7B7B6}.Debug|Any CPU.ActiveCfg = Debug|Any CPU
		{6EA45137-1A6E-44CF-A85B-412635A7B7B6}.Debug|Any CPU.Build.0 = Debug|Any CPU
		{6EA45137-1A6E-44CF-A85B-412635A7B7B6}.Debug|Any CPU.Deploy.0 = Debug|Any CPU
		{6EA45137-1A6E-44CF-A85B-412635A7B7B6}.Debug|iPhone.ActiveCfg = Debug|Any CPU
		{6EA45137-1A6E-44CF-A85B-412635A7B7B6}.Debug|iPhone.Build.0 = Debug|Any CPU
		{6EA45137-1A6E-44CF-A85B-412635A7B7B6}.Debug|iPhone.Deploy.0 = Debug|Any CPU
		{6EA45137-1A6E-44CF-A85B-412635A7B7B6}.Debug|iPhoneSimulator.ActiveCfg = Debug|Any CPU
		{6EA45137-1A6E-44CF-A85B-412635A7B7B6}.Debug|iPhoneSimulator.Build.0 = Debug|Any CPU
		{6EA45137-1A6E-44CF-A85B-412635A7B7B6}.Debug|iPhoneSimulator.Deploy.0 = Debug|Any CPU
		{6EA45137-1A6E-44CF-A85B-412635A7B7B6}.Release|Any CPU.ActiveCfg = Release|Any CPU
		{6EA45137-1A6E-44CF-A85B-412635A7B7B6}.Release|Any CPU.Build.0 = Release|Any CPU
		{6EA45137-1A6E-44CF-A85B-412635A7B7B6}.Release|Any CPU.Deploy.0 = Release|Any CPU
		{6EA45137-1A6E-44CF-A85B-412635A7B7B6}.Release|iPhone.ActiveCfg = Release|Any CPU
		{6EA45137-1A6E-44CF-A85B-412635A7B7B6}.Release|iPhone.Build.0 = Release|Any CPU
		{6EA45137-1A6E-44CF-A85B-412635A7B7B6}.Release|iPhone.Deploy.0 = Release|Any CPU
		{6EA45137-1A6E-44CF-A85B-412635A7B7B6}.Release|iPhoneSimulator.ActiveCfg = Release|Any CPU
		{6EA45137-1A6E-44CF-A85B-412635A7B7B6}.Release|iPhoneSimulator.Build.0 = Release|Any CPU
		{6EA45137-1A6E-44CF-A85B-412635A7B7B6}.Release|iPhoneSimulator.Deploy.0 = Release|Any CPU
		{316CC1AB-C678-4753-BDD6-F0D8CF97734B}.Debug|Any CPU.ActiveCfg = Debug|iPhone
		{316CC1AB-C678-4753-BDD6-F0D8CF97734B}.Debug|Any CPU.Build.0 = Debug|iPhone
		{316CC1AB-C678-4753-BDD6-F0D8CF97734B}.Debug|Any CPU.Deploy.0 = Debug|iPhone
		{316CC1AB-C678-4753-BDD6-F0D8CF97734B}.Debug|iPhone.ActiveCfg = Debug|iPhone
		{316CC1AB-C678-4753-BDD6-F0D8CF97734B}.Debug|iPhone.Build.0 = Debug|iPhone
		{316CC1AB-C678-4753-BDD6-F0D8CF97734B}.Debug|iPhone.Deploy.0 = Debug|iPhone
		{316CC1AB-C678-4753-BDD6-F0D8CF97734B}.Debug|iPhoneSimulator.ActiveCfg = Debug|iPhoneSimulator
		{316CC1AB-C678-4753-BDD6-F0D8CF97734B}.Debug|iPhoneSimulator.Build.0 = Debug|iPhoneSimulator
		{316CC1AB-C678-4753-BDD6-F0D8CF97734B}.Debug|iPhoneSimulator.Deploy.0 = Debug|iPhoneSimulator
		{316CC1AB-C678-4753-BDD6-F0D8CF97734B}.Release|Any CPU.ActiveCfg = Release|iPhoneSimulator
		{316CC1AB-C678-4753-BDD6-F0D8CF97734B}.Release|Any CPU.Build.0 = Release|iPhoneSimulator
		{316CC1AB-C678-4753-BDD6-F0D8CF97734B}.Release|Any CPU.Deploy.0 = Release|iPhoneSimulator
		{316CC1AB-C678-4753-BDD6-F0D8CF97734B}.Release|iPhone.ActiveCfg = Release|iPhone
		{316CC1AB-C678-4753-BDD6-F0D8CF97734B}.Release|iPhone.Build.0 = Release|iPhone
		{316CC1AB-C678-4753-BDD6-F0D8CF97734B}.Release|iPhone.Deploy.0 = Release|iPhone
		{316CC1AB-C678-4753-BDD6-F0D8CF97734B}.Release|iPhoneSimulator.ActiveCfg = Release|iPhoneSimulator
		{316CC1AB-C678-4753-BDD6-F0D8CF97734B}.Release|iPhoneSimulator.Build.0 = Release|iPhoneSimulator
		{316CC1AB-C678-4753-BDD6-F0D8CF97734B}.Release|iPhoneSimulator.Deploy.0 = Release|iPhoneSimulator
		{3738C2C5-3B22-45DB-ABFF-3BA3C564AAF8}.Debug|Any CPU.ActiveCfg = Debug|Any CPU
		{3738C2C5-3B22-45DB-ABFF-3BA3C564AAF8}.Debug|Any CPU.Build.0 = Debug|Any CPU
		{3738C2C5-3B22-45DB-ABFF-3BA3C564AAF8}.Debug|Any CPU.Deploy.0 = Debug|Any CPU
		{3738C2C5-3B22-45DB-ABFF-3BA3C564AAF8}.Debug|iPhone.ActiveCfg = Debug|Any CPU
		{3738C2C5-3B22-45DB-ABFF-3BA3C564AAF8}.Debug|iPhone.Build.0 = Debug|Any CPU
		{3738C2C5-3B22-45DB-ABFF-3BA3C564AAF8}.Debug|iPhone.Deploy.0 = Debug|Any CPU
		{3738C2C5-3B22-45DB-ABFF-3BA3C564AAF8}.Debug|iPhoneSimulator.ActiveCfg = Debug|Any CPU
		{3738C2C5-3B22-45DB-ABFF-3BA3C564AAF8}.Debug|iPhoneSimulator.Build.0 = Debug|Any CPU
		{3738C2C5-3B22-45DB-ABFF-3BA3C564AAF8}.Debug|iPhoneSimulator.Deploy.0 = Debug|Any CPU
		{3738C2C5-3B22-45DB-ABFF-3BA3C564AAF8}.Release|Any CPU.ActiveCfg = Release|Any CPU
		{3738C2C5-3B22-45DB-ABFF-3BA3C564AAF8}.Release|Any CPU.Build.0 = Release|Any CPU
		{3738C2C5-3B22-45DB-ABFF-3BA3C564AAF8}.Release|Any CPU.Deploy.0 = Release|Any CPU
		{3738C2C5-3B22-45DB-ABFF-3BA3C564AAF8}.Release|iPhone.ActiveCfg = Release|Any CPU
		{3738C2C5-3B22-45DB-ABFF-3BA3C564AAF8}.Release|iPhone.Build.0 = Release|Any CPU
		{3738C2C5-3B22-45DB-ABFF-3BA3C564AAF8}.Release|iPhone.Deploy.0 = Release|Any CPU
		{3738C2C5-3B22-45DB-ABFF-3BA3C564AAF8}.Release|iPhoneSimulator.ActiveCfg = Release|Any CPU
		{3738C2C5-3B22-45DB-ABFF-3BA3C564AAF8}.Release|iPhoneSimulator.Build.0 = Release|Any CPU
		{3738C2C5-3B22-45DB-ABFF-3BA3C564AAF8}.Release|iPhoneSimulator.Deploy.0 = Release|Any CPU
	EndGlobalSection
	GlobalSection(SolutionProperties) = preSolution
		HideSolutionNode = FALSE
	EndGlobalSection
	GlobalSection(ExtensibilityGlobals) = postSolution
		SolutionGuid = {E0A1EEA3-4CF1-4FEF-849C-8327E0F558D7}
	EndGlobalSection
EndGlobal
